
Microsoft Visual Studio Solution File, Format Version 12.00
# Visual Studio 15
VisualStudioVersion = 15.0.28010.2019
MinimumVisualStudioVersion = 10.0.40219.1
Project("{8BC9CEB8-8B4A-11D0-8D11-00A0C91BC942}") = "MyTest", "MyTest\MyTest.vcxproj", "{060372E5-819B-4F75-9FEE-8F20035C0E6C}"
EndProject
Global
	GlobalSection(SolutionConfigurationPlatforms) = preSolution
		Debug|x64 = Debug|x64
		Debug|x86 = Debug|x86
		Release|x64 = Release|x64
		Release|x86 = Release|x86
	EndGlobalSection
	GlobalSection(ProjectConfigurationPlatforms) = postSolution
		{060372E5-819B-4F75-9FEE-8F20035C0E6C}.Debug|x64.ActiveCfg = Debug|x64
		{060372E5-819B-4F75-9FEE-8F20035C0E6C}.Debug|x64.Build.0 = Debug|x64
		{060372E5-819B-4F75-9FEE-8F20035C0E6C}.Debug|x86.ActiveCfg = Debug|Win32
		{060372E5-819B-4F75-9FEE-8F20035C0E6C}.Debug|x86.Build.0 = Debug|Win32
		{060372E5-819B-4F75-9FEE-8F20035C0E6C}.Release|x64.ActiveCfg = Release|x64
		{060372E5-819B-4F75-9FEE-8F20035C0E6C}.Release|x64.Build.0 = Release|x64
		{060372E5-819B-4F75-9FEE-8F20035C0E6C}.Release|x86.ActiveCfg = Release|Win32
		{060372E5-819B-4F75-9FEE-8F20035C0E6C}.Release|x86.Build.0 = Release|Win32
	EndGlobalSection
	GlobalSection(SolutionProperties) = preSolution
		HideSolutionNode = FALSE
	EndGlobalSection
	GlobalSection(ExtensibilityGlobals) = postSolution
		SolutionGuid = {10B06C90-F9ED-4484-9684-F9F32CC7EFB5}
	EndGlobalSection
EndGlobal
